
Microsoft Visual Studio Solution File, Format Version 12.00
# Visual Studio Version 16
VisualStudioVersion = 16.0.31624.102
MinimumVisualStudioVersion = 10.0.40219.1
Project("{FAE04EC0-301F-11D3-BF4B-00C04F79EFBC}") = "ModelRequestManagerNew", "ModelRequestManagerNew\ModelRequestManagerNew.csproj", "{88251F97-69E5-4ADA-A925-AF5504943E22}"
EndProject
Project("{FAE04EC0-301F-11D3-BF4B-00C04F79EFBC}") = "PdfReaderVideo", "PdfReaderVideo\PdfReaderVideo.csproj", "{A6ED68E7-A31D-446F-B177-7BA6E194EEBD}"
EndProject
Project("{9A19103F-16F7-4668-BE54-9A1E7A4F7556}") = "ConsoleApp2", "ConsoleApp2\ConsoleApp2.csproj", "{49F60317-81B0-4A03-A4CA-238DA2D207E8}"
EndProject
Project("{FAE04EC0-301F-11D3-BF4B-00C04F79EFBC}") = "ModelRequestManagerUWP", "ModelRequestManagerUWP\ModelRequestManagerUWP.csproj", "{5B48B1BA-5820-4A7D-9CDA-D895F7FF0CFF}"
EndProject
Global
	GlobalSection(SolutionConfigurationPlatforms) = preSolution
		Debug|Any CPU = Debug|Any CPU
		Debug|ARM = Debug|ARM
		Debug|ARM64 = Debug|ARM64
		Debug|x64 = Debug|x64
		Debug|x86 = Debug|x86
		Release|Any CPU = Release|Any CPU
		Release|ARM = Release|ARM
		Release|ARM64 = Release|ARM64
		Release|x64 = Release|x64
		Release|x86 = Release|x86
	EndGlobalSection
	GlobalSection(ProjectConfigurationPlatforms) = postSolution
		{88251F97-69E5-4ADA-A925-AF5504943E22}.Debug|Any CPU.ActiveCfg = Debug|Any CPU
		{88251F97-69E5-4ADA-A925-AF5504943E22}.Debug|Any CPU.Build.0 = Debug|Any CPU
		{88251F97-69E5-4ADA-A925-AF5504943E22}.Debug|ARM.ActiveCfg = Debug|Any CPU
		{88251F97-69E5-4ADA-A925-AF5504943E22}.Debug|ARM.Build.0 = Debug|Any CPU
		{88251F97-69E5-4ADA-A925-AF5504943E22}.Debug|ARM64.ActiveCfg = Debug|Any CPU
		{88251F97-69E5-4ADA-A925-AF5504943E22}.Debug|ARM64.Build.0 = Debug|Any CPU
		{88251F97-69E5-4ADA-A925-AF5504943E22}.Debug|x64.ActiveCfg = Debug|Any CPU
		{88251F97-69E5-4ADA-A925-AF5504943E22}.Debug|x64.Build.0 = Debug|Any CPU
		{88251F97-69E5-4ADA-A925-AF5504943E22}.Debug|x86.ActiveCfg = Debug|Any CPU
		{88251F97-69E5-4ADA-A925-AF5504943E22}.Debug|x86.Build.0 = Debug|Any CPU
		{88251F97-69E5-4ADA-A925-AF5504943E22}.Release|Any CPU.ActiveCfg = Release|Any CPU
		{88251F97-69E5-4ADA-A925-AF5504943E22}.Release|Any CPU.Build.0 = Release|Any CPU
		{88251F97-69E5-4ADA-A925-AF5504943E22}.Release|ARM.ActiveCfg = Release|Any CPU
		{88251F97-69E5-4ADA-A925-AF5504943E22}.Release|ARM.Build.0 = Release|Any CPU
		{88251F97-69E5-4ADA-A925-AF5504943E22}.Release|ARM64.ActiveCfg = Release|Any CPU
		{88251F97-69E5-4ADA-A925-AF5504943E22}.Release|ARM64.Build.0 = Release|Any CPU
		{88251F97-69E5-4ADA-A925-AF5504943E22}.Release|x64.ActiveCfg = Release|Any CPU
		{88251F97-69E5-4ADA-A925-AF5504943E22}.Release|x64.Build.0 = Release|Any CPU
		{88251F97-69E5-4ADA-A925-AF5504943E22}.Release|x86.ActiveCfg = Release|Any CPU
		{88251F97-69E5-4ADA-A925-AF5504943E22}.Release|x86.Build.0 = Release|Any CPU
		{A6ED68E7-A31D-446F-B177-7BA6E194EEBD}.Debug|Any CPU.ActiveCfg = Debug|Any CPU
		{A6ED68E7-A31D-446F-B177-7BA6E194EEBD}.Debug|Any CPU.Build.0 = Debug|Any CPU
		{A6ED68E7-A31D-446F-B177-7BA6E194EEBD}.Debug|ARM.ActiveCfg = Debug|Any CPU
		{A6ED68E7-A31D-446F-B177-7BA6E194EEBD}.Debug|ARM.Build.0 = Debug|Any CPU
		{A6ED68E7-A31D-446F-B177-7BA6E194EEBD}.Debug|ARM64.ActiveCfg = Debug|Any CPU
		{A6ED68E7-A31D-446F-B177-7BA6E194EEBD}.Debug|ARM64.Build.0 = Debug|Any CPU
		{A6ED68E7-A31D-446F-B177-7BA6E194EEBD}.Debug|x64.ActiveCfg = Debug|Any CPU
		{A6ED68E7-A31D-446F-B177-7BA6E194EEBD}.Debug|x64.Build.0 = Debug|Any CPU
		{A6ED68E7-A31D-446F-B177-7BA6E194EEBD}.Debug|x86.ActiveCfg = Debug|Any CPU
		{A6ED68E7-A31D-446F-B177-7BA6E194EEBD}.Debug|x86.Build.0 = Debug|Any CPU
		{A6ED68E7-A31D-446F-B177-7BA6E194EEBD}.Release|Any CPU.ActiveCfg = Release|Any CPU
		{A6ED68E7-A31D-446F-B177-7BA6E194EEBD}.Release|Any CPU.Build.0 = Release|Any CPU
		{A6ED68E7-A31D-446F-B177-7BA6E194EEBD}.Release|ARM.ActiveCfg = Release|Any CPU
		{A6ED68E7-A31D-446F-B177-7BA6E194EEBD}.Release|ARM.Build.0 = Release|Any CPU
		{A6ED68E7-A31D-446F-B177-7BA6E194EEBD}.Release|ARM64.ActiveCfg = Release|Any CPU
		{A6ED68E7-A31D-446F-B177-7BA6E194EEBD}.Release|ARM64.Build.0 = Release|Any CPU
		{A6ED68E7-A31D-446F-B177-7BA6E194EEBD}.Release|x64.ActiveCfg = Release|Any CPU
		{A6ED68E7-A31D-446F-B177-7BA6E194EEBD}.Release|x64.Build.0 = Release|Any CPU
		{A6ED68E7-A31D-446F-B177-7BA6E194EEBD}.Release|x86.ActiveCfg = Release|Any CPU
		{A6ED68E7-A31D-446F-B177-7BA6E194EEBD}.Release|x86.Build.0 = Release|Any CPU
		{49F60317-81B0-4A03-A4CA-238DA2D207E8}.Debug|Any CPU.ActiveCfg = Debug|Any CPU
		{49F60317-81B0-4A03-A4CA-238DA2D207E8}.Debug|Any CPU.Build.0 = Debug|Any CPU
		{49F60317-81B0-4A03-A4CA-238DA2D207E8}.Debug|ARM.ActiveCfg = Debug|Any CPU
		{49F60317-81B0-4A03-A4CA-238DA2D207E8}.Debug|ARM.Build.0 = Debug|Any CPU
		{49F60317-81B0-4A03-A4CA-238DA2D207E8}.Debug|ARM64.ActiveCfg = Debug|Any CPU
		{49F60317-81B0-4A03-A4CA-238DA2D207E8}.Debug|ARM64.Build.0 = Debug|Any CPU
		{49F60317-81B0-4A03-A4CA-238DA2D207E8}.Debug|x64.ActiveCfg = Debug|Any CPU
		{49F60317-81B0-4A03-A4CA-238DA2D207E8}.Debug|x64.Build.0 = Debug|Any CPU
		{49F60317-81B0-4A03-A4CA-238DA2D207E8}.Debug|x86.ActiveCfg = Debug|Any CPU
		{49F60317-81B0-4A03-A4CA-238DA2D207E8}.Debug|x86.Build.0 = Debug|Any CPU
		{49F60317-81B0-4A03-A4CA-238DA2D207E8}.Release|Any CPU.ActiveCfg = Release|Any CPU
		{49F60317-81B0-4A03-A4CA-238DA2D207E8}.Release|Any CPU.Build.0 = Release|Any CPU
		{49F60317-81B0-4A03-A4CA-238DA2D207E8}.Release|ARM.ActiveCfg = Release|Any CPU
		{49F60317-81B0-4A03-A4CA-238DA2D207E8}.Release|ARM.Build.0 = Release|Any CPU
		{49F60317-81B0-4A03-A4CA-238DA2D207E8}.Release|ARM64.ActiveCfg = Release|Any CPU
		{49F60317-81B0-4A03-A4CA-238DA2D207E8}.Release|ARM64.Build.0 = Release|Any CPU
		{49F60317-81B0-4A03-A4CA-238DA2D207E8}.Release|x64.ActiveCfg = Release|Any CPU
		{49F60317-81B0-4A03-A4CA-238DA2D207E8}.Release|x64.Build.0 = Release|Any CPU
		{49F60317-81B0-4A03-A4CA-238DA2D207E8}.Release|x86.ActiveCfg = Release|Any CPU
		{49F60317-81B0-4A03-A4CA-238DA2D207E8}.Release|x86.Build.0 = Release|Any CPU
		{5B48B1BA-5820-4A7D-9CDA-D895F7FF0CFF}.Debug|Any CPU.ActiveCfg = Debug|x86
		{5B48B1BA-5820-4A7D-9CDA-D895F7FF0CFF}.Debug|ARM.ActiveCfg = Debug|ARM
		{5B48B1BA-5820-4A7D-9CDA-D895F7FF0CFF}.Debug|ARM.Build.0 = Debug|ARM
		{5B48B1BA-5820-4A7D-9CDA-D895F7FF0CFF}.Debug|ARM.Deploy.0 = Debug|ARM
		{5B48B1BA-5820-4A7D-9CDA-D895F7FF0CFF}.Debug|ARM64.ActiveCfg = Debug|ARM64
		{5B48B1BA-5820-4A7D-9CDA-D895F7FF0CFF}.Debug|ARM64.Build.0 = Debug|ARM64
		{5B48B1BA-5820-4A7D-9CDA-D895F7FF0CFF}.Debug|ARM64.Deploy.0 = Debug|ARM64
		{5B48B1BA-5820-4A7D-9CDA-D895F7FF0CFF}.Debug|x64.ActiveCfg = Debug|x64
		{5B48B1BA-5820-4A7D-9CDA-D895F7FF0CFF}.Debug|x64.Build.0 = Debug|x64
		{5B48B1BA-5820-4A7D-9CDA-D895F7FF0CFF}.Debug|x64.Deploy.0 = Debug|x64
		{5B48B1BA-5820-4A7D-9CDA-D895F7FF0CFF}.Debug|x86.ActiveCfg = Debug|x86
		{5B48B1BA-5820-4A7D-9CDA-D895F7FF0CFF}.Debug|x86.Build.0 = Debug|x86
		{5B48B1BA-5820-4A7D-9CDA-D895F7FF0CFF}.Debug|x86.Deploy.0 = Debug|x86
		{5B48B1BA-5820-4A7D-9CDA-D895F7FF0CFF}.Release|Any CPU.ActiveCfg = Release|x86
		{5B48B1BA-5820-4A7D-9CDA-D895F7FF0CFF}.Release|ARM.ActiveCfg = Release|ARM
		{5B48B1BA-5820-4A7D-9CDA-D895F7FF0CFF}.Release|ARM.Build.0 = Release|ARM
		{5B48B1BA-5820-4A7D-9CDA-D895F7FF0CFF}.Release|ARM.Deploy.0 = Release|ARM
		{5B48B1BA-5820-4A7D-9CDA-D895F7FF0CFF}.Release|ARM64.ActiveCfg = Release|ARM64
		{5B48B1BA-5820-4A7D-9CDA-D895F7FF0CFF}.Release|ARM64.Build.0 = Release|ARM64
		{5B48B1BA-5820-4A7D-9CDA-D895F7FF0CFF}.Release|ARM64.Deploy.0 = Release|ARM64
		{5B48B1BA-5820-4A7D-9CDA-D895F7FF0CFF}.Release|x64.ActiveCfg = Release|x64
		{5B48B1BA-5820-4A7D-9CDA-D895F7FF0CFF}.Release|x64.Build.0 = Release|x64
		{5B48B1BA-5820-4A7D-9CDA-D895F7FF0CFF}.Release|x64.Deploy.0 = Release|x64
		{5B48B1BA-5820-4A7D-9CDA-D895F7FF0CFF}.Release|x86.ActiveCfg = Release|x86
		{5B48B1BA-5820-4A7D-9CDA-D895F7FF0CFF}.Release|x86.Build.0 = Release|x86
		{5B48B1BA-5820-4A7D-9CDA-D895F7FF0CFF}.Release|x86.Deploy.0 = Release|x86
	EndGlobalSection
	GlobalSection(SolutionProperties) = preSolution
		HideSolutionNode = FALSE
	EndGlobalSection
	GlobalSection(ExtensibilityGlobals) = postSolution
		SolutionGuid = {28848AEE-84A1-4A5E-B739-0F7A2D6046F3}
	EndGlobalSection
EndGlobal
